// !$*UTF8*$!
{
	archiveVersion = 1;
	classes = {
	};
	objectVersion = 46;
	objects = {

/* Begin PBXBuildFile section */
		F87E0A181D8CE10A00B832E8 /* AppDelegate.swift in Sources */ = {isa = PBXBuildFile; fileRef = F87E0A171D8CE10A00B832E8 /* AppDelegate.swift */; };
		F87E0A1A1D8CE10A00B832E8 /* ViewController.swift in Sources */ = {isa = PBXBuildFile; fileRef = F87E0A191D8CE10A00B832E8 /* ViewController.swift */; };
		F87E0A1D1D8CE10A00B832E8 /* Main.storyboard in Resources */ = {isa = PBXBuildFile; fileRef = F87E0A1B1D8CE10A00B832E8 /* Main.storyboard */; };
		F87E0A1F1D8CE10A00B832E8 /* Assets.xcassets in Resources */ = {isa = PBXBuildFile; fileRef = F87E0A1E1D8CE10A00B832E8 /* Assets.xcassets */; };
		F87E0A221D8CE10A00B832E8 /* LaunchScreen.storyboard in Resources */ = {isa = PBXBuildFile; fileRef = F87E0A201D8CE10A00B832E8 /* LaunchScreen.storyboard */; };
		F87E0A2D1D8CE10A00B832E8 /* Silly_Song_SkyeTests.swift in Sources */ = {isa = PBXBuildFile; fileRef = F87E0A2C1D8CE10A00B832E8 /* Silly_Song_SkyeTests.swift */; };
		F87E0A381D8CE10A00B832E8 /* Silly_Song_SkyeUITests.swift in Sources */ = {isa = PBXBuildFile; fileRef = F87E0A371D8CE10A00B832E8 /* Silly_Song_SkyeUITests.swift */; };
/* End PBXBuildFile section */

/* Begin PBXContainerItemProxy section */
		F87E0A291D8CE10A00B832E8 /* PBXContainerItemProxy */ = {
			isa = PBXContainerItemProxy;
			containerPortal = F87E0A0C1D8CE10A00B832E8 /* Project object */;
			proxyType = 1;
			remoteGlobalIDString = F87E0A131D8CE10A00B832E8;
			remoteInfo = "Silly Song Skye";
		};
		F87E0A341D8CE10A00B832E8 /* PBXContainerItemProxy */ = {
			isa = PBXContainerItemProxy;
			containerPortal = F87E0A0C1D8CE10A00B832E8 /* Project object */;
			proxyType = 1;
			remoteGlobalIDString = F87E0A131D8CE10A00B832E8;
			remoteInfo = "Silly Song Skye";
		};
/* End PBXContainerItemProxy section */

/* Begin PBXFileReference section */
		F87E0A141D8CE10A00B832E8 /* Silly Song Skye.app */ = {isa = PBXFileReference; explicitFileType = wrapper.application; includeInIndex = 0; path = "Silly Song Skye.app"; sourceTree = BUILT_PRODUCTS_DIR; };
		F87E0A171D8CE10A00B832E8 /* AppDelegate.swift */ = {isa = PBXFileReference; lastKnownFileType = sourcecode.swift; path = AppDelegate.swift; sourceTree = "<group>"; };
		F87E0A191D8CE10A00B832E8 /* ViewController.swift */ = {isa = PBXFileReference; lastKnownFileType = sourcecode.swift; path = ViewController.swift; sourceTree = "<group>"; };
		F87E0A1C1D8CE10A00B832E8 /* Base */ = {isa = PBXFileReference; lastKnownFileType = file.storyboard; name = Base; path = Base.lproj/Main.storyboard; sourceTree = "<group>"; };
		F87E0A1E1D8CE10A00B832E8 /* Assets.xcassets */ = {isa = PBXFileReference; lastKnownFileType = folder.assetcatalog; path = Assets.xcassets; sourceTree = "<group>"; };
		F87E0A211D8CE10A00B832E8 /* Base */ = {isa = PBXFileReference; lastKnownFileType = file.storyboard; name = Base; path = Base.lproj/LaunchScreen.storyboard; sourceTree = "<group>"; };
		F87E0A231D8CE10A00B832E8 /* Info.plist */ = {isa = PBXFileReference; lastKnownFileType = text.plist.xml; path = Info.plist; sourceTree = "<group>"; };
		F87E0A281D8CE10A00B832E8 /* Silly Song SkyeTests.xctest */ = {isa = PBXFileReference; explicitFileType = wrapper.cfbundle; includeInIndex = 0; path = "Silly Song SkyeTests.xctest"; sourceTree = BUILT_PRODUCTS_DIR; };
		F87E0A2C1D8CE10A00B832E8 /* Silly_Song_SkyeTests.swift */ = {isa = PBXFileReference; lastKnownFileType = sourcecode.swift; path = Silly_Song_SkyeTests.swift; sourceTree = "<group>"; };
		F87E0A2E1D8CE10A00B832E8 /* Info.plist */ = {isa = PBXFileReference; lastKnownFileType = text.plist.xml; path = Info.plist; sourceTree = "<group>"; };
		F87E0A331D8CE10A00B832E8 /* Silly Song SkyeUITests.xctest */ = {isa = PBXFileReference; explicitFileType = wrapper.cfbundle; includeInIndex = 0; path = "Silly Song SkyeUITests.xctest"; sourceTree = BUILT_PRODUCTS_DIR; };
		F87E0A371D8CE10A00B832E8 /* Silly_Song_SkyeUITests.swift */ = {isa = PBXFileReference; lastKnownFileType = sourcecode.swift; path = Silly_Song_SkyeUITests.swift; sourceTree = "<group>"; };
		F87E0A391D8CE10A00B832E8 /* Info.plist */ = {isa = PBXFileReference; lastKnownFileType = text.plist.xml; path = Info.plist; sourceTree = "<group>"; };
/* End PBXFileReference section */

/* Begin PBXFrameworksBuildPhase section */
		F87E0A111D8CE10A00B832E8 /* Frameworks */ = {
			isa = PBXFrameworksBuildPhase;
			buildActionMask = 2147483647;
			files = (
			);
			runOnlyForDeploymentPostprocessing = 0;
		};
		F87E0A251D8CE10A00B832E8 /* Frameworks */ = {
			isa = PBXFrameworksBuildPhase;
			buildActionMask = 2147483647;
			files = (
			);
			runOnlyForDeploymentPostprocessing = 0;
		};
		F87E0A301D8CE10A00B832E8 /* Frameworks */ = {
			isa = PBXFrameworksBuildPhase;
			buildActionMask = 2147483647;
			files = (
			);
			runOnlyForDeploymentPostprocessing = 0;
		};
/* End PBXFrameworksBuildPhase section */

/* Begin PBXGroup section */
		F87E0A0B1D8CE10A00B832E8 = {
			isa = PBXGroup;
			children = (
				F87E0A161D8CE10A00B832E8 /* Silly Song Skye */,
				F87E0A2B1D8CE10A00B832E8 /* Silly Song SkyeTests */,
				F87E0A361D8CE10A00B832E8 /* Silly Song SkyeUITests */,
				F87E0A151D8CE10A00B832E8 /* Products */,
			);
			sourceTree = "<group>";
		};
		F87E0A151D8CE10A00B832E8 /* Products */ = {
			isa = PBXGroup;
			children = (
				F87E0A141D8CE10A00B832E8 /* Silly Song Skye.app */,
				F87E0A281D8CE10A00B832E8 /* Silly Song SkyeTests.xctest */,
				F87E0A331D8CE10A00B832E8 /* Silly Song SkyeUITests.xctest */,
			);
			name = Products;
			sourceTree = "<group>";
		};
		F87E0A161D8CE10A00B832E8 /* Silly Song Skye */ = {
			isa = PBXGroup;
			children = (
				F87E0A171D8CE10A00B832E8 /* AppDelegate.swift */,
				F87E0A191D8CE10A00B832E8 /* ViewController.swift */,
				F87E0A1B1D8CE10A00B832E8 /* Main.storyboard */,
				F87E0A1E1D8CE10A00B832E8 /* Assets.xcassets */,
				F87E0A201D8CE10A00B832E8 /* LaunchScreen.storyboard */,
				F87E0A231D8CE10A00B832E8 /* Info.plist */,
			);
			path = "Silly Song Skye";
			sourceTree = "<group>";
		};
		F87E0A2B1D8CE10A00B832E8 /* Silly Song SkyeTests */ = {
			isa = PBXGroup;
			children = (
				F87E0A2C1D8CE10A00B832E8 /* Silly_Song_SkyeTests.swift */,
				F87E0A2E1D8CE10A00B832E8 /* Info.plist */,
			);
			path = "Silly Song SkyeTests";
			sourceTree = "<group>";
		};
		F87E0A361D8CE10A00B832E8 /* Silly Song SkyeUITests */ = {
			isa = PBXGroup;
			children = (
				F87E0A371D8CE10A00B832E8 /* Silly_Song_SkyeUITests.swift */,
				F87E0A391D8CE10A00B832E8 /* Info.plist */,
			);
			path = "Silly Song SkyeUITests";
			sourceTree = "<group>";
		};
/* End PBXGroup section */

/* Begin PBXNativeTarget section */
		F87E0A131D8CE10A00B832E8 /* Silly Song Skye */ = {
			isa = PBXNativeTarget;
			buildConfigurationList = F87E0A3C1D8CE10A00B832E8 /* Build configuration list for PBXNativeTarget "Silly Song Skye" */;
			buildPhases = (
				F87E0A101D8CE10A00B832E8 /* Sources */,
				F87E0A111D8CE10A00B832E8 /* Frameworks */,
				F87E0A121D8CE10A00B832E8 /* Resources */,
			);
			buildRules = (
			);
			dependencies = (
			);
			name = "Silly Song Skye";
			productName = "Silly Song Skye";
			productReference = F87E0A141D8CE10A00B832E8 /* Silly Song Skye.app */;
			productType = "com.apple.product-type.application";
		};
		F87E0A271D8CE10A00B832E8 /* Silly Song SkyeTests */ = {
			isa = PBXNativeTarget;
			buildConfigurationList = F87E0A3F1D8CE10A00B832E8 /* Build configuration list for PBXNativeTarget "Silly Song SkyeTests" */;
			buildPhases = (
				F87E0A241D8CE10A00B832E8 /* Sources */,
				F87E0A251D8CE10A00B832E8 /* Frameworks */,
				F87E0A261D8CE10A00B832E8 /* Resources */,
			);
			buildRules = (
			);
			dependencies = (
				F87E0A2A1D8CE10A00B832E8 /* PBXTargetDependency */,
			);
			name = "Silly Song SkyeTests";
			productName = "Silly Song SkyeTests";
			productReference = F87E0A281D8CE10A00B832E8 /* Silly Song SkyeTests.xctest */;
			productType = "com.apple.product-type.bundle.unit-test";
		};
		F87E0A321D8CE10A00B832E8 /* Silly Song SkyeUITests */ = {
			isa = PBXNativeTarget;
			buildConfigurationList = F87E0A421D8CE10A00B832E8 /* Build configuration list for PBXNativeTarget "Silly Song SkyeUITests" */;
			buildPhases = (
				F87E0A2F1D8CE10A00B832E8 /* Sources */,
				F87E0A301D8CE10A00B832E8 /* Frameworks */,
				F87E0A311D8CE10A00B832E8 /* Resources */,
			);
			buildRules = (
			);
			dependencies = (
				F87E0A351D8CE10A00B832E8 /* PBXTargetDependency */,
			);
			name = "Silly Song SkyeUITests";
			productName = "Silly Song SkyeUITests";
			productReference = F87E0A331D8CE10A00B832E8 /* Silly Song SkyeUITests.xctest */;
			productType = "com.apple.product-type.bundle.ui-testing";
		};
/* End PBXNativeTarget section */

/* Begin PBXProject section */
		F87E0A0C1D8CE10A00B832E8 /* Project object */ = {
			isa = PBXProject;
			attributes = {
				LastSwiftUpdateCheck = 0730;
				LastUpgradeCheck = 0730;
				ORGANIZATIONNAME = "AC Loaner";
				TargetAttributes = {
					F87E0A131D8CE10A00B832E8 = {
						CreatedOnToolsVersion = 7.3.1;
					};
					F87E0A271D8CE10A00B832E8 = {
						CreatedOnToolsVersion = 7.3.1;
						TestTargetID = F87E0A131D8CE10A00B832E8;
					};
					F87E0A321D8CE10A00B832E8 = {
						CreatedOnToolsVersion = 7.3.1;
						TestTargetID = F87E0A131D8CE10A00B832E8;
					};
				};
			};
			buildConfigurationList = F87E0A0F1D8CE10A00B832E8 /* Build configuration list for PBXProject "Silly Song Skye" */;
			compatibilityVersion = "Xcode 3.2";
			developmentRegion = English;
			hasScannedForEncodings = 0;
			knownRegions = (
				en,
				Base,
			);
			mainGroup = F87E0A0B1D8CE10A00B832E8;
			productRefGroup = F87E0A151D8CE10A00B832E8 /* Products */;
			projectDirPath = "";
			projectRoot = "";
			targets = (
				F87E0A131D8CE10A00B832E8 /* Silly Song Skye */,
				F87E0A271D8CE10A00B832E8 /* Silly Song SkyeTests */,
				F87E0A321D8CE10A00B832E8 /* Silly Song SkyeUITests */,
			);
		};
/* End PBXProject section */

/* Begin PBXResourcesBuildPhase section */
		F87E0A121D8CE10A00B832E8 /* Resources */ = {
			isa = PBXResourcesBuildPhase;
			buildActionMask = 2147483647;
			files = (
				F87E0A221D8CE10A00B832E8 /* LaunchScreen.storyboard in Resources */,
				F87E0A1F1D8CE10A00B832E8 /* Assets.xcassets in Resources */,
				F87E0A1D1D8CE10A00B832E8 /* Main.storyboard in Resources */,
			);
			runOnlyForDeploymentPostprocessing = 0;
		};
		F87E0A261D8CE10A00B832E8 /* Resources */ = {
			isa = PBXResourcesBuildPhase;
			buildActionMask = 2147483647;
			files = (
			);
			runOnlyForDeploymentPostprocessing = 0;
		};
		F87E0A311D8CE10A00B832E8 /* Resources */ = {
			isa = PBXResourcesBuildPhase;
			buildActionMask = 2147483647;
			files = (
			);
			runOnlyForDeploymentPostprocessing = 0;
		};
/* End PBXResourcesBuildPhase section */

/* Begin PBXSourcesBuildPhase section */
		F87E0A101D8CE10A00B832E8 /* Sources */ = {
			isa = PBXSourcesBuildPhase;
			buildActionMask = 2147483647;
			files = (
				F87E0A1A1D8CE10A00B832E8 /* ViewController.swift in Sources */,
				F87E0A181D8CE10A00B832E8 /* AppDelegate.swift in Sources */,
			);
			runOnlyForDeploymentPostprocessing = 0;
		};
		F87E0A241D8CE10A00B832E8 /* Sources */ = {
			isa = PBXSourcesBuildPhase;
			buildActionMask = 2147483647;
			files = (
				F87E0A2D1D8CE10A00B832E8 /* Silly_Song_SkyeTests.swift in Sources */,
			);
			runOnlyForDeploymentPostprocessing = 0;
		};
		F87E0A2F1D8CE10A00B832E8 /* Sources */ = {
			isa = PBXSourcesBuildPhase;
			buildActionMask = 2147483647;
			files = (
				F87E0A381D8CE10A00B832E8 /* Silly_Song_SkyeUITests.swift in Sources */,
			);
			runOnlyForDeploymentPostprocessing = 0;
		};
/* End PBXSourcesBuildPhase section */

/* Begin PBXTargetDependency section */
		F87E0A2A1D8CE10A00B832E8 /* PBXTargetDependency */ = {
			isa = PBXTargetDependency;
			target = F87E0A131D8CE10A00B832E8 /* Silly Song Skye */;
			targetProxy = F87E0A291D8CE10A00B832E8 /* PBXContainerItemProxy */;
		};
		F87E0A351D8CE10A00B832E8 /* PBXTargetDependency */ = {
			isa = PBXTargetDependency;
			target = F87E0A131D8CE10A00B832E8 /* Silly Song Skye */;
			targetProxy = F87E0A341D8CE10A00B832E8 /* PBXContainerItemProxy */;
		};
/* End PBXTargetDependency section */

/* Begin PBXVariantGroup section */
		F87E0A1B1D8CE10A00B832E8 /* Main.storyboard */ = {
			isa = PBXVariantGroup;
			children = (
				F87E0A1C1D8CE10A00B832E8 /* Base */,
			);
			name = Main.storyboard;
			sourceTree = "<group>";
		};
		F87E0A201D8CE10A00B832E8 /* LaunchScreen.storyboard */ = {
			isa = PBXVariantGroup;
			children = (
				F87E0A211D8CE10A00B832E8 /* Base */,
			);
			name = LaunchScreen.storyboard;
			sourceTree = "<group>";
		};
/* End PBXVariantGroup section */

/* Begin XCBuildConfiguration section */
		F87E0A3A1D8CE10A00B832E8 /* Debug */ = {
			isa = XCBuildConfiguration;
			buildSettings = {
				ALWAYS_SEARCH_USER_PATHS = NO;
				CLANG_ANALYZER_NONNULL = YES;
				CLANG_CXX_LANGUAGE_STANDARD = "gnu++0x";
				CLANG_CXX_LIBRARY = "libc++";
				CLANG_ENABLE_MODULES = YES;
				CLANG_ENABLE_OBJC_ARC = YES;
				CLANG_WARN_BOOL_CONVERSION = YES;
				CLANG_WARN_CONSTANT_CONVERSION = YES;
				CLANG_WARN_DIRECT_OBJC_ISA_USAGE = YES_ERROR;
				CLANG_WARN_EMPTY_BODY = YES;
				CLANG_WARN_ENUM_CONVERSION = YES;
				CLANG_WARN_INT_CONVERSION = YES;
				CLANG_WARN_OBJC_ROOT_CLASS = YES_ERROR;
				CLANG_WARN_UNREACHABLE_CODE = YES;
				CLANG_WARN__DUPLICATE_METHOD_MATCH = YES;
				"CODE_SIGN_IDENTITY[sdk=iphoneos*]" = "iPhone Developer";
				COPY_PHASE_STRIP = NO;
				DEBUG_INFORMATION_FORMAT = dwarf;
				ENABLE_STRICT_OBJC_MSGSEND = YES;
				ENABLE_TESTABILITY = YES;
				GCC_C_LANGUAGE_STANDARD = gnu99;
				GCC_DYNAMIC_NO_PIC = NO;
				GCC_NO_COMMON_BLOCKS = YES;
				GCC_OPTIMIZATION_LEVEL = 0;
				GCC_PREPROCESSOR_DEFINITIONS = (
					"DEBUG=1",
					"$(inherited)",
				);
				GCC_WARN_64_TO_32_BIT_CONVERSION = YES;
				GCC_WARN_ABOUT_RETURN_TYPE = YES_ERROR;
				GCC_WARN_UNDECLARED_SELECTOR = YES;
				GCC_WARN_UNINITIALIZED_AUTOS = YES_AGGRESSIVE;
				GCC_WARN_UNUSED_FUNCTION = YES;
				GCC_WARN_UNUSED_VARIABLE = YES;
				IPHONEOS_DEPLOYMENT_TARGET = 9.3;
				MTL_ENABLE_DEBUG_INFO = YES;
				ONLY_ACTIVE_ARCH = YES;
				SDKROOT = iphoneos;
				SWIFT_OPTIMIZATION_LEVEL = "-Onone";
			};
			name = Debug;
		};
		F87E0A3B1D8CE10A00B832E8 /* Release */ = {
			isa = XCBuildConfiguration;
			buildSettings = {
				ALWAYS_SEARCH_USER_PATHS = NO;
				CLANG_ANALYZER_NONNULL = YES;
				CLANG_CXX_LANGUAGE_STANDARD = "gnu++0x";
				CLANG_CXX_LIBRARY = "libc++";
				CLANG_ENABLE_MODULES = YES;
				CLANG_ENABLE_OBJC_ARC = YES;
				CLANG_WARN_BOOL_CONVERSION = YES;
				CLANG_WARN_CONSTANT_CONVERSION = YES;
				CLANG_WARN_DIRECT_OBJC_ISA_USAGE = YES_ERROR;
				CLANG_WARN_EMPTY_BODY = YES;
				CLANG_WARN_ENUM_CONVERSION = YES;
				CLANG_WARN_INT_CONVERSION = YES;
				CLANG_WARN_OBJC_ROOT_CLASS = YES_ERROR;
				CLANG_WARN_UNREACHABLE_CODE = YES;
				CLANG_WARN__DUPLICATE_METHOD_MATCH = YES;
				"CODE_SIGN_IDENTITY[sdk=iphoneos*]" = "iPhone Developer";
				COPY_PHASE_STRIP = NO;
				DEBUG_INFORMATION_FORMAT = "dwarf-with-dsym";
				ENABLE_NS_ASSERTIONS = NO;
				ENABLE_STRICT_OBJC_MSGSEND = YES;
				GCC_C_LANGUAGE_STANDARD = gnu99;
				GCC_NO_COMMON_BLOCKS = YES;
				GCC_WARN_64_TO_32_BIT_CONVERSION = YES;
				GCC_WARN_ABOUT_RETURN_TYPE = YES_ERROR;
				GCC_WARN_UNDECLARED_SELECTOR = YES;
				GCC_WARN_UNINITIALIZED_AUTOS = YES_AGGRESSIVE;
				GCC_WARN_UNUSED_FUNCTION = YES;
				GCC_WARN_UNUSED_VARIABLE = YES;
				IPHONEOS_DEPLOYMENT_TARGET = 9.3;
				MTL_ENABLE_DEBUG_INFO = NO;
				SDKROOT = iphoneos;
				VALIDATE_PRODUCT = YES;
			};
			name = Release;
		};
		F87E0A3D1D8CE10A00B832E8 /* Debug */ = {
			isa = XCBuildConfiguration;
			buildSettings = {
				ASSETCATALOG_COMPILER_APPICON_NAME = AppIcon;
				INFOPLIST_FILE = "Silly Song Skye/Info.plist";
				LD_RUNPATH_SEARCH_PATHS = "$(inherited) @executable_path/Frameworks";
				PRODUCT_BUNDLE_IDENTIFIER = "com.skye.Silly-Song-Skye";
				PRODUCT_NAME = "$(TARGET_NAME)";
			};
			name = Debug;
		};
		F87E0A3E1D8CE10A00B832E8 /* Release */ = {
			isa = XCBuildConfiguration;
			buildSettings = {
				ASSETCATALOG_COMPILER_APPICON_NAME = AppIcon;
				INFOPLIST_FILE = "Silly Song Skye/Info.plist";
				LD_RUNPATH_SEARCH_PATHS = "$(inherited) @executable_path/Frameworks";
				PRODUCT_BUNDLE_IDENTIFIER = "com.skye.Silly-Song-Skye";
				PRODUCT_NAME = "$(TARGET_NAME)";
			};
			name = Release;
		};
		F87E0A401D8CE10A00B832E8 /* Debug */ = {
			isa = XCBuildConfiguration;
			buildSettings = {
				BUNDLE_LOADER = "$(TEST_HOST)";
				INFOPLIST_FILE = "Silly Song SkyeTests/Info.plist";
				LD_RUNPATH_SEARCH_PATHS = "$(inherited) @executable_path/Frameworks @loader_path/Frameworks";
				PRODUCT_BUNDLE_IDENTIFIER = "com.skye.Silly-Song-SkyeTests";
				PRODUCT_NAME = "$(TARGET_NAME)";
				TEST_HOST = "$(BUILT_PRODUCTS_DIR)/Silly Song Skye.app/Silly Song Skye";
			};
			name = Debug;
		};
		F87E0A411D8CE10A00B832E8 /* Release */ = {
			isa = XCBuildConfiguration;
			buildSettings = {
				BUNDLE_LOADER = "$(TEST_HOST)";
				INFOPLIST_FILE = "Silly Song SkyeTests/Info.plist";
				LD_RUNPATH_SEARCH_PATHS = "$(inherited) @executable_path/Frameworks @loader_path/Frameworks";
				PRODUCT_BUNDLE_IDENTIFIER = "com.skye.Silly-Song-SkyeTests";
				PRODUCT_NAME = "$(TARGET_NAME)";
				TEST_HOST = "$(BUILT_PRODUCTS_DIR)/Silly Song Skye.app/Silly Song Skye";
			};
			name = Release;
		};
		F87E0A431D8CE10A00B832E8 /* Debug */ = {
			isa = XCBuildConfiguration;
			buildSettings = {
				INFOPLIST_FILE = "Silly Song SkyeUITests/Info.plist";
				LD_RUNPATH_SEARCH_PATHS = "$(inherited) @executable_path/Frameworks @loader_path/Frameworks";
				PRODUCT_BUNDLE_IDENTIFIER = "com.skye.Silly-Song-SkyeUITests";
				PRODUCT_NAME = "$(TARGET_NAME)";
				TEST_TARGET_NAME = "Silly Song Skye";
			};
			name = Debug;
		};
		F87E0A441D8CE10A00B832E8 /* Release */ = {
			isa = XCBuildConfiguration;
			buildSettings = {
				INFOPLIST_FILE = "Silly Song SkyeUITests/Info.plist";
				LD_RUNPATH_SEARCH_PATHS = "$(inherited) @executable_path/Frameworks @loader_path/Frameworks";
				PRODUCT_BUNDLE_IDENTIFIER = "com.skye.Silly-Song-SkyeUITests";
				PRODUCT_NAME = "$(TARGET_NAME)";
				TEST_TARGET_NAME = "Silly Song Skye";
			};
			name = Release;
		};
/* End XCBuildConfiguration section */

/* Begin XCConfigurationList section */
		F87E0A0F1D8CE10A00B832E8 /* Build configuration list for PBXProject "Silly Song Skye" */ = {
			isa = XCConfigurationList;
			buildConfigurations = (
				F87E0A3A1D8CE10A00B832E8 /* Debug */,
				F87E0A3B1D8CE10A00B832E8 /* Release */,
			);
			defaultConfigurationIsVisible = 0;
			defaultConfigurationName = Release;
		};
		F87E0A3C1D8CE10A00B832E8 /* Build configuration list for PBXNativeTarget "Silly Song Skye" */ = {
			isa = XCConfigurationList;
			buildConfigurations = (
				F87E0A3D1D8CE10A00B832E8 /* Debug */,
				F87E0A3E1D8CE10A00B832E8 /* Release */,
			);
			defaultConfigurationIsVisible = 0;
		};
		F87E0A3F1D8CE10A00B832E8 /* Build configuration list for PBXNativeTarget "Silly Song SkyeTests" */ = {
			isa = XCConfigurationList;
			buildConfigurations = (
				F87E0A401D8CE10A00B832E8 /* Debug */,
				F87E0A411D8CE10A00B832E8 /* Release */,
			);
			defaultConfigurationIsVisible = 0;
		};
		F87E0A421D8CE10A00B832E8 /* Build configuration list for PBXNativeTarget "Silly Song SkyeUITests" */ = {
			isa = XCConfigurationList;
			buildConfigurations = (
				F87E0A431D8CE10A00B832E8 /* Debug */,
				F87E0A441D8CE10A00B832E8 /* Release */,
			);
			defaultConfigurationIsVisible = 0;
		};
/* End XCConfigurationList section */
	};
	rootObject = F87E0A0C1D8CE10A00B832E8 /* Project object */;
}
